
Microsoft Visual Studio Solution File, Format Version 12.00
# Visual Studio Version 16
VisualStudioVersion = 16.0.29806.167
MinimumVisualStudioVersion = 10.0.40219.1
Project("{FAE04EC0-301F-11D3-BF4B-00C04F79EFBC}") = "TcpServer", "TcpServer.csproj", "{428FD028-6F9A-44F7-A4A6-8A19201615A2}"
EndProject
Project("{FAE04EC0-301F-11D3-BF4B-00C04F79EFBC}") = "DatabaseManagers", "..\..\..\0.ZAVRSNI\Project\DatabaseManagers\DatabaseManagers.csproj", "{475CABBF-71ED-462E-9756-A09822422B50}"
EndProject
Project("{FAE04EC0-301F-11D3-BF4B-00C04F79EFBC}") = "Models", "..\..\..\0.ZAVRSNI\Project\Models\Models.csproj", "{41E7523E-70EB-4DB8-BC81-B6F6D3141637}"
EndProject
Global
	GlobalSection(SolutionConfigurationPlatforms) = preSolution
		Debug|Any CPU = Debug|Any CPU
		Release|Any CPU = Release|Any CPU
	EndGlobalSection
	GlobalSection(ProjectConfigurationPlatforms) = postSolution
		{428FD028-6F9A-44F7-A4A6-8A19201615A2}.Debug|Any CPU.ActiveCfg = Debug|Any CPU
		{428FD028-6F9A-44F7-A4A6-8A19201615A2}.Debug|Any CPU.Build.0 = Debug|Any CPU
		{428FD028-6F9A-44F7-A4A6-8A19201615A2}.Release|Any CPU.ActiveCfg = Release|Any CPU
		{428FD028-6F9A-44F7-A4A6-8A19201615A2}.Release|Any CPU.Build.0 = Release|Any CPU
		{475CABBF-71ED-462E-9756-A09822422B50}.Debug|Any CPU.ActiveCfg = Debug|Any CPU
		{475CABBF-71ED-462E-9756-A09822422B50}.Debug|Any CPU.Build.0 = Debug|Any CPU
		{475CABBF-71ED-462E-9756-A09822422B50}.Release|Any CPU.ActiveCfg = Release|Any CPU
		{475CABBF-71ED-462E-9756-A09822422B50}.Release|Any CPU.Build.0 = Release|Any CPU
		{41E7523E-70EB-4DB8-BC81-B6F6D3141637}.Debug|Any CPU.ActiveCfg = Debug|Any CPU
		{41E7523E-70EB-4DB8-BC81-B6F6D3141637}.Debug|Any CPU.Build.0 = Debug|Any CPU
		{41E7523E-70EB-4DB8-BC81-B6F6D3141637}.Release|Any CPU.ActiveCfg = Release|Any CPU
		{41E7523E-70EB-4DB8-BC81-B6F6D3141637}.Release|Any CPU.Build.0 = Release|Any CPU
	EndGlobalSection
	GlobalSection(SolutionProperties) = preSolution
		HideSolutionNode = FALSE
	EndGlobalSection
	GlobalSection(ExtensibilityGlobals) = postSolution
		SolutionGuid = {1B1B1A8F-ACC1-4B4C-849A-9B8677B5EAC5}
	EndGlobalSection
EndGlobal
